// !$*UTF8*$!
{
	archiveVersion = 1;
	classes = {
	};
	objectVersion = 51;
	objects = {

/* Begin PBXBuildFile section */
		02F1EA47BB444DBBB80B6696 /* Pods_MovieFinderTests.framework in Frameworks */ = {isa = PBXBuildFile; fileRef = F242A6DB0D0E8187A82DF77D /* Pods_MovieFinderTests.framework */; };
		28A11E7BB7C0881339D2D110 /* Pods_MovieFinder.framework in Frameworks */ = {isa = PBXBuildFile; fileRef = 87D090FF9B8920F0CD4F6668 /* Pods_MovieFinder.framework */; };
		85B351EA25E5DA5F00D760FB /* AppDelegate.swift in Sources */ = {isa = PBXBuildFile; fileRef = 85B351E925E5DA5F00D760FB /* AppDelegate.swift */; };
		85B351EC25E5DA5F00D760FB /* SceneDelegate.swift in Sources */ = {isa = PBXBuildFile; fileRef = 85B351EB25E5DA5F00D760FB /* SceneDelegate.swift */; };
		85B351EE25E5DA5F00D760FB /* MovieSearchViewController.swift in Sources */ = {isa = PBXBuildFile; fileRef = 85B351ED25E5DA5F00D760FB /* MovieSearchViewController.swift */; };
		85B351F125E5DA5F00D760FB /* Main.storyboard in Resources */ = {isa = PBXBuildFile; fileRef = 85B351EF25E5DA5F00D760FB /* Main.storyboard */; };
		85B351F325E5DA5F00D760FB /* Assets.xcassets in Resources */ = {isa = PBXBuildFile; fileRef = 85B351F225E5DA5F00D760FB /* Assets.xcassets */; };
		85B351F625E5DA5F00D760FB /* LaunchScreen.storyboard in Resources */ = {isa = PBXBuildFile; fileRef = 85B351F425E5DA5F00D760FB /* LaunchScreen.storyboard */; };
		85B3520125E5DA6000D760FB /* MovieSearchViewModelTests.swift in Sources */ = {isa = PBXBuildFile; fileRef = 85B3520025E5DA6000D760FB /* MovieSearchViewModelTests.swift */; };
		85B3520C25E5DA6000D760FB /* MovieFinderUITests.swift in Sources */ = {isa = PBXBuildFile; fileRef = 85B3520B25E5DA6000D760FB /* MovieFinderUITests.swift */; };
		85B3524425E5DD1000D760FB /* MovieFetchable.swift in Sources */ = {isa = PBXBuildFile; fileRef = 85B3524325E5DD1000D760FB /* MovieFetchable.swift */; };
		85B3524925E5DD2B00D760FB /* Movie.swift in Sources */ = {isa = PBXBuildFile; fileRef = 85B3524825E5DD2B00D760FB /* Movie.swift */; };
		85B3524E25E5DD5A00D760FB /* MovieRequestService.swift in Sources */ = {isa = PBXBuildFile; fileRef = 85B3524D25E5DD5A00D760FB /* MovieRequestService.swift */; };
		85B3525C25E5E03800D760FB /* MovieSearchViewModel.swift in Sources */ = {isa = PBXBuildFile; fileRef = 85B3525B25E5E03800D760FB /* MovieSearchViewModel.swift */; };
		85B3527025E6840B00D760FB /* ViewModeling.swift in Sources */ = {isa = PBXBuildFile; fileRef = 85B3526F25E6840B00D760FB /* ViewModeling.swift */; };
		85B3527825E6892E00D760FB /* MockMovieRequestService.swift in Sources */ = {isa = PBXBuildFile; fileRef = 85B3527725E6892E00D760FB /* MockMovieRequestService.swift */; };
		85B3528B25E6EEDF00D760FB /* Result+Extensions.swift in Sources */ = {isa = PBXBuildFile; fileRef = 85B3528A25E6EEDF00D760FB /* Result+Extensions.swift */; };
		F3C711A1EB5580180892DDA4 /* Pods_MovieFinder_MovieFinderUITests.framework in Frameworks */ = {isa = PBXBuildFile; fileRef = 28C8624BAD8044365C550053 /* Pods_MovieFinder_MovieFinderUITests.framework */; };
/* End PBXBuildFile section */

/* Begin PBXContainerItemProxy section */
		85B351FD25E5DA6000D760FB /* PBXContainerItemProxy */ = {
			isa = PBXContainerItemProxy;
			containerPortal = 85B351DE25E5DA5F00D760FB /* Project object */;
			proxyType = 1;
			remoteGlobalIDString = 85B351E525E5DA5F00D760FB;
			remoteInfo = MovieFinder;
		};
		85B3520825E5DA6000D760FB /* PBXContainerItemProxy */ = {
			isa = PBXContainerItemProxy;
			containerPortal = 85B351DE25E5DA5F00D760FB /* Project object */;
			proxyType = 1;
			remoteGlobalIDString = 85B351E525E5DA5F00D760FB;
			remoteInfo = MovieFinder;
		};
/* End PBXContainerItemProxy section */

/* Begin PBXFileReference section */
		28C8624BAD8044365C550053 /* Pods_MovieFinder_MovieFinderUITests.framework */ = {isa = PBXFileReference; explicitFileType = wrapper.framework; includeInIndex = 0; path = Pods_MovieFinder_MovieFinderUITests.framework; sourceTree = BUILT_PRODUCTS_DIR; };
		6624403BCA732617271844F0 /* Pods-MovieFinderTests.debug.xcconfig */ = {isa = PBXFileReference; includeInIndex = 1; lastKnownFileType = text.xcconfig; name = "Pods-MovieFinderTests.debug.xcconfig"; path = "Target Support Files/Pods-MovieFinderTests/Pods-MovieFinderTests.debug.xcconfig"; sourceTree = "<group>"; };
		85B351E625E5DA5F00D760FB /* MovieFinder.app */ = {isa = PBXFileReference; explicitFileType = wrapper.application; includeInIndex = 0; path = MovieFinder.app; sourceTree = BUILT_PRODUCTS_DIR; };
		85B351E925E5DA5F00D760FB /* AppDelegate.swift */ = {isa = PBXFileReference; lastKnownFileType = sourcecode.swift; path = AppDelegate.swift; sourceTree = "<group>"; };
		85B351EB25E5DA5F00D760FB /* SceneDelegate.swift */ = {isa = PBXFileReference; lastKnownFileType = sourcecode.swift; path = SceneDelegate.swift; sourceTree = "<group>"; };
		85B351ED25E5DA5F00D760FB /* MovieSearchViewController.swift */ = {isa = PBXFileReference; lastKnownFileType = sourcecode.swift; path = MovieSearchViewController.swift; sourceTree = "<group>"; };
		85B351F025E5DA5F00D760FB /* Base */ = {isa = PBXFileReference; lastKnownFileType = file.storyboard; name = Base; path = Base.lproj/Main.storyboard; sourceTree = "<group>"; };
		85B351F225E5DA5F00D760FB /* Assets.xcassets */ = {isa = PBXFileReference; lastKnownFileType = folder.assetcatalog; path = Assets.xcassets; sourceTree = "<group>"; };
		85B351F525E5DA5F00D760FB /* Base */ = {isa = PBXFileReference; lastKnownFileType = file.storyboard; name = Base; path = Base.lproj/LaunchScreen.storyboard; sourceTree = "<group>"; };
		85B351F725E5DA5F00D760FB /* Info.plist */ = {isa = PBXFileReference; lastKnownFileType = text.plist.xml; path = Info.plist; sourceTree = "<group>"; };
		85B351FC25E5DA6000D760FB /* MovieFinderTests.xctest */ = {isa = PBXFileReference; explicitFileType = wrapper.cfbundle; includeInIndex = 0; path = MovieFinderTests.xctest; sourceTree = BUILT_PRODUCTS_DIR; };
		85B3520025E5DA6000D760FB /* MovieSearchViewModelTests.swift */ = {isa = PBXFileReference; lastKnownFileType = sourcecode.swift; path = MovieSearchViewModelTests.swift; sourceTree = "<group>"; };
		85B3520225E5DA6000D760FB /* Info.plist */ = {isa = PBXFileReference; lastKnownFileType = text.plist.xml; path = Info.plist; sourceTree = "<group>"; };
		85B3520725E5DA6000D760FB /* MovieFinderUITests.xctest */ = {isa = PBXFileReference; explicitFileType = wrapper.cfbundle; includeInIndex = 0; path = MovieFinderUITests.xctest; sourceTree = BUILT_PRODUCTS_DIR; };
		85B3520B25E5DA6000D760FB /* MovieFinderUITests.swift */ = {isa = PBXFileReference; lastKnownFileType = sourcecode.swift; path = MovieFinderUITests.swift; sourceTree = "<group>"; };
		85B3520D25E5DA6000D760FB /* Info.plist */ = {isa = PBXFileReference; lastKnownFileType = text.plist.xml; path = Info.plist; sourceTree = "<group>"; };
		85B3524325E5DD1000D760FB /* MovieFetchable.swift */ = {isa = PBXFileReference; lastKnownFileType = sourcecode.swift; path = MovieFetchable.swift; sourceTree = "<group>"; };
		85B3524825E5DD2B00D760FB /* Movie.swift */ = {isa = PBXFileReference; lastKnownFileType = sourcecode.swift; path = Movie.swift; sourceTree = "<group>"; };
		85B3524D25E5DD5A00D760FB /* MovieRequestService.swift */ = {isa = PBXFileReference; lastKnownFileType = sourcecode.swift; path = MovieRequestService.swift; sourceTree = "<group>"; };
		85B3525B25E5E03800D760FB /* MovieSearchViewModel.swift */ = {isa = PBXFileReference; lastKnownFileType = sourcecode.swift; path = MovieSearchViewModel.swift; sourceTree = "<group>"; };
		85B3526F25E6840B00D760FB /* ViewModeling.swift */ = {isa = PBXFileReference; lastKnownFileType = sourcecode.swift; path = ViewModeling.swift; sourceTree = "<group>"; };
		85B3527725E6892E00D760FB /* MockMovieRequestService.swift */ = {isa = PBXFileReference; lastKnownFileType = sourcecode.swift; path = MockMovieRequestService.swift; sourceTree = "<group>"; };
		85B3528A25E6EEDF00D760FB /* Result+Extensions.swift */ = {isa = PBXFileReference; lastKnownFileType = sourcecode.swift; path = "Result+Extensions.swift"; sourceTree = "<group>"; };
		85B3532525E8112800D760FB /* RxCocoa.framework */ = {isa = PBXFileReference; explicitFileType = wrapper.framework; path = RxCocoa.framework; sourceTree = BUILT_PRODUCTS_DIR; };
		85B3532925E8113000D760FB /* RxSwift.framework */ = {isa = PBXFileReference; explicitFileType = wrapper.framework; path = RxSwift.framework; sourceTree = BUILT_PRODUCTS_DIR; };
		85B3532C25E8113700D760FB /* RxRelay.framework */ = {isa = PBXFileReference; explicitFileType = wrapper.framework; path = RxRelay.framework; sourceTree = BUILT_PRODUCTS_DIR; };
		87D090FF9B8920F0CD4F6668 /* Pods_MovieFinder.framework */ = {isa = PBXFileReference; explicitFileType = wrapper.framework; includeInIndex = 0; path = Pods_MovieFinder.framework; sourceTree = BUILT_PRODUCTS_DIR; };
		B879E03AA4CA821F2EDB7CCB /* Pods-MovieFinder-MovieFinderUITests.release.xcconfig */ = {isa = PBXFileReference; includeInIndex = 1; lastKnownFileType = text.xcconfig; name = "Pods-MovieFinder-MovieFinderUITests.release.xcconfig"; path = "Target Support Files/Pods-MovieFinder-MovieFinderUITests/Pods-MovieFinder-MovieFinderUITests.release.xcconfig"; sourceTree = "<group>"; };
		BB2BB45B4E93DBDD3E0929B1 /* Pods-MovieFinder.release.xcconfig */ = {isa = PBXFileReference; includeInIndex = 1; lastKnownFileType = text.xcconfig; name = "Pods-MovieFinder.release.xcconfig"; path = "Target Support Files/Pods-MovieFinder/Pods-MovieFinder.release.xcconfig"; sourceTree = "<group>"; };
		C4AE10B71186141EA48F7F66 /* Pods-MovieFinderTests.release.xcconfig */ = {isa = PBXFileReference; includeInIndex = 1; lastKnownFileType = text.xcconfig; name = "Pods-MovieFinderTests.release.xcconfig"; path = "Target Support Files/Pods-MovieFinderTests/Pods-MovieFinderTests.release.xcconfig"; sourceTree = "<group>"; };
		C6D24445A2E78E814A18F2E2 /* Pods-MovieFinder-MovieFinderUITests.debug.xcconfig */ = {isa = PBXFileReference; includeInIndex = 1; lastKnownFileType = text.xcconfig; name = "Pods-MovieFinder-MovieFinderUITests.debug.xcconfig"; path = "Target Support Files/Pods-MovieFinder-MovieFinderUITests/Pods-MovieFinder-MovieFinderUITests.debug.xcconfig"; sourceTree = "<group>"; };
		F242A6DB0D0E8187A82DF77D /* Pods_MovieFinderTests.framework */ = {isa = PBXFileReference; explicitFileType = wrapper.framework; includeInIndex = 0; path = Pods_MovieFinderTests.framework; sourceTree = BUILT_PRODUCTS_DIR; };
		F51F549D8DEF78F19E9CF025 /* Pods-MovieFinder.debug.xcconfig */ = {isa = PBXFileReference; includeInIndex = 1; lastKnownFileType = text.xcconfig; name = "Pods-MovieFinder.debug.xcconfig"; path = "Target Support Files/Pods-MovieFinder/Pods-MovieFinder.debug.xcconfig"; sourceTree = "<group>"; };
/* End PBXFileReference section */

/* Begin PBXFrameworksBuildPhase section */
		85B351E325E5DA5F00D760FB /* Frameworks */ = {
			isa = PBXFrameworksBuildPhase;
			buildActionMask = 2147483647;
			files = (
				28A11E7BB7C0881339D2D110 /* Pods_MovieFinder.framework in Frameworks */,
			);
			runOnlyForDeploymentPostprocessing = 0;
		};
		85B351F925E5DA6000D760FB /* Frameworks */ = {
			isa = PBXFrameworksBuildPhase;
			buildActionMask = 2147483647;
			files = (
				02F1EA47BB444DBBB80B6696 /* Pods_MovieFinderTests.framework in Frameworks */,
			);
			runOnlyForDeploymentPostprocessing = 0;
		};
		85B3520425E5DA6000D760FB /* Frameworks */ = {
			isa = PBXFrameworksBuildPhase;
			buildActionMask = 2147483647;
			files = (
				F3C711A1EB5580180892DDA4 /* Pods_MovieFinder_MovieFinderUITests.framework in Frameworks */,
			);
			runOnlyForDeploymentPostprocessing = 0;
		};
/* End PBXFrameworksBuildPhase section */

/* Begin PBXGroup section */
		365BAF51D6D05538F8F9E033 /* Frameworks */ = {
			isa = PBXGroup;
			children = (
				85B3532C25E8113700D760FB /* RxRelay.framework */,
				85B3532925E8113000D760FB /* RxSwift.framework */,
				85B3532525E8112800D760FB /* RxCocoa.framework */,
				87D090FF9B8920F0CD4F6668 /* Pods_MovieFinder.framework */,
				28C8624BAD8044365C550053 /* Pods_MovieFinder_MovieFinderUITests.framework */,
				F242A6DB0D0E8187A82DF77D /* Pods_MovieFinderTests.framework */,
			);
			name = Frameworks;
			sourceTree = "<group>";
		};
		754CC3426A737DFBEC2F748C /* Pods */ = {
			isa = PBXGroup;
			children = (
				F51F549D8DEF78F19E9CF025 /* Pods-MovieFinder.debug.xcconfig */,
				BB2BB45B4E93DBDD3E0929B1 /* Pods-MovieFinder.release.xcconfig */,
				C6D24445A2E78E814A18F2E2 /* Pods-MovieFinder-MovieFinderUITests.debug.xcconfig */,
				B879E03AA4CA821F2EDB7CCB /* Pods-MovieFinder-MovieFinderUITests.release.xcconfig */,
				6624403BCA732617271844F0 /* Pods-MovieFinderTests.debug.xcconfig */,
				C4AE10B71186141EA48F7F66 /* Pods-MovieFinderTests.release.xcconfig */,
			);
			path = Pods;
			sourceTree = "<group>";
		};
		85B351DD25E5DA5F00D760FB = {
			isa = PBXGroup;
			children = (
				85B351E825E5DA5F00D760FB /* MovieFinder */,
				85B351FF25E5DA6000D760FB /* MovieFinderTests */,
				85B3520A25E5DA6000D760FB /* MovieFinderUITests */,
				85B351E725E5DA5F00D760FB /* Products */,
				754CC3426A737DFBEC2F748C /* Pods */,
				365BAF51D6D05538F8F9E033 /* Frameworks */,
			);
			sourceTree = "<group>";
		};
		85B351E725E5DA5F00D760FB /* Products */ = {
			isa = PBXGroup;
			children = (
				85B351E625E5DA5F00D760FB /* MovieFinder.app */,
				85B351FC25E5DA6000D760FB /* MovieFinderTests.xctest */,
				85B3520725E5DA6000D760FB /* MovieFinderUITests.xctest */,
			);
			name = Products;
			sourceTree = "<group>";
		};
		85B351E825E5DA5F00D760FB /* MovieFinder */ = {
			isa = PBXGroup;
			children = (
				85B3521D25E5DA7800D760FB /* Services */,
				85B3521C25E5DA7000D760FB /* Protocols */,
				85B3522225E5DAB500D760FB /* Views */,
				85B3522125E5DAA800D760FB /* View Controllers */,
				85B3522025E5DA9700D760FB /* View Models */,
				85B3521F25E5DA8C00D760FB /* Models */,
				85B3521E25E5DA8200D760FB /* Extensions */,
				85B351E925E5DA5F00D760FB /* AppDelegate.swift */,
				85B351EB25E5DA5F00D760FB /* SceneDelegate.swift */,
				85B3522325E5DAFA00D760FB /* Resources */,
				85B351EF25E5DA5F00D760FB /* Main.storyboard */,
				85B351F425E5DA5F00D760FB /* LaunchScreen.storyboard */,
				85B351F725E5DA5F00D760FB /* Info.plist */,
			);
			path = MovieFinder;
			sourceTree = "<group>";
		};
		85B351FF25E5DA6000D760FB /* MovieFinderTests */ = {
			isa = PBXGroup;
			children = (
				85B3520025E5DA6000D760FB /* MovieSearchViewModelTests.swift */,
				85B3520225E5DA6000D760FB /* Info.plist */,
			);
			path = MovieFinderTests;
			sourceTree = "<group>";
		};
		85B3520A25E5DA6000D760FB /* MovieFinderUITests */ = {
			isa = PBXGroup;
			children = (
				85B3520B25E5DA6000D760FB /* MovieFinderUITests.swift */,
				85B3520D25E5DA6000D760FB /* Info.plist */,
			);
			path = MovieFinderUITests;
			sourceTree = "<group>";
		};
		85B3521C25E5DA7000D760FB /* Protocols */ = {
			isa = PBXGroup;
			children = (
				85B3524325E5DD1000D760FB /* MovieFetchable.swift */,
				85B3526F25E6840B00D760FB /* ViewModeling.swift */,
			);
			path = Protocols;
			sourceTree = "<group>";
		};
		85B3521D25E5DA7800D760FB /* Services */ = {
			isa = PBXGroup;
			children = (
				85B3524D25E5DD5A00D760FB /* MovieRequestService.swift */,
				85B3527725E6892E00D760FB /* MockMovieRequestService.swift */,
			);
			path = Services;
			sourceTree = "<group>";
		};
		85B3521E25E5DA8200D760FB /* Extensions */ = {
			isa = PBXGroup;
			children = (
				85B3528A25E6EEDF00D760FB /* Result+Extensions.swift */,
			);
			path = Extensions;
			sourceTree = "<group>";
		};
		85B3521F25E5DA8C00D760FB /* Models */ = {
			isa = PBXGroup;
			children = (
				85B3524825E5DD2B00D760FB /* Movie.swift */,
			);
			path = Models;
			sourceTree = "<group>";
		};
		85B3522025E5DA9700D760FB /* View Models */ = {
			isa = PBXGroup;
			children = (
				85B3525B25E5E03800D760FB /* MovieSearchViewModel.swift */,
			);
			path = "View Models";
			sourceTree = "<group>";
		};
		85B3522125E5DAA800D760FB /* View Controllers */ = {
			isa = PBXGroup;
			children = (
				85B351ED25E5DA5F00D760FB /* MovieSearchViewController.swift */,
			);
			path = "View Controllers";
			sourceTree = "<group>";
		};
		85B3522225E5DAB500D760FB /* Views */ = {
			isa = PBXGroup;
			children = (
			);
			path = Views;
			sourceTree = "<group>";
		};
		85B3522325E5DAFA00D760FB /* Resources */ = {
			isa = PBXGroup;
			children = (
				85B351F225E5DA5F00D760FB /* Assets.xcassets */,
			);
			path = Resources;
			sourceTree = "<group>";
		};
/* End PBXGroup section */

/* Begin PBXNativeTarget section */
		85B351E525E5DA5F00D760FB /* MovieFinder */ = {
			isa = PBXNativeTarget;
			buildConfigurationList = 85B3521025E5DA6000D760FB /* Build configuration list for PBXNativeTarget "MovieFinder" */;
			buildPhases = (
				1C4C4F7DBA9F75C9A670EC40 /* [CP] Check Pods Manifest.lock */,
				85B351E225E5DA5F00D760FB /* Sources */,
				85B351E325E5DA5F00D760FB /* Frameworks */,
				85B351E425E5DA5F00D760FB /* Resources */,
				E6C477FE90BC7AA720670D17 /* [CP] Embed Pods Frameworks */,
			);
			buildRules = (
			);
			dependencies = (
			);
			name = MovieFinder;
			packageProductDependencies = (
			);
			productName = MovieFinder;
			productReference = 85B351E625E5DA5F00D760FB /* MovieFinder.app */;
			productType = "com.apple.product-type.application";
		};
		85B351FB25E5DA6000D760FB /* MovieFinderTests */ = {
			isa = PBXNativeTarget;
			buildConfigurationList = 85B3521325E5DA6000D760FB /* Build configuration list for PBXNativeTarget "MovieFinderTests" */;
			buildPhases = (
				EFA0B20A7119DEE60288CE10 /* [CP] Check Pods Manifest.lock */,
				85B351F825E5DA6000D760FB /* Sources */,
				85B351F925E5DA6000D760FB /* Frameworks */,
				85B351FA25E5DA6000D760FB /* Resources */,
				EE5D5A2336F6CAF28835759F /* [CP] Embed Pods Frameworks */,
			);
			buildRules = (
			);
			dependencies = (
				85B351FE25E5DA6000D760FB /* PBXTargetDependency */,
			);
			name = MovieFinderTests;
			productName = MovieFinderTests;
			productReference = 85B351FC25E5DA6000D760FB /* MovieFinderTests.xctest */;
			productType = "com.apple.product-type.bundle.unit-test";
		};
		85B3520625E5DA6000D760FB /* MovieFinderUITests */ = {
			isa = PBXNativeTarget;
			buildConfigurationList = 85B3521625E5DA6000D760FB /* Build configuration list for PBXNativeTarget "MovieFinderUITests" */;
			buildPhases = (
				F2A0F60D864226CDCA472285 /* [CP] Check Pods Manifest.lock */,
				85B3520325E5DA6000D760FB /* Sources */,
				85B3520425E5DA6000D760FB /* Frameworks */,
				85B3520525E5DA6000D760FB /* Resources */,
				8D3D85FBF07B47F4DDB2F8FF /* [CP] Embed Pods Frameworks */,
			);
			buildRules = (
			);
			dependencies = (
				85B3520925E5DA6000D760FB /* PBXTargetDependency */,
			);
			name = MovieFinderUITests;
			productName = MovieFinderUITests;
			productReference = 85B3520725E5DA6000D760FB /* MovieFinderUITests.xctest */;
			productType = "com.apple.product-type.bundle.ui-testing";
		};
/* End PBXNativeTarget section */

/* Begin PBXProject section */
		85B351DE25E5DA5F00D760FB /* Project object */ = {
			isa = PBXProject;
			attributes = {
				LastSwiftUpdateCheck = 1240;
				LastUpgradeCheck = 1240;
				TargetAttributes = {
					85B351E525E5DA5F00D760FB = {
						CreatedOnToolsVersion = 12.4;
					};
					85B351FB25E5DA6000D760FB = {
						CreatedOnToolsVersion = 12.4;
						TestTargetID = 85B351E525E5DA5F00D760FB;
					};
					85B3520625E5DA6000D760FB = {
						CreatedOnToolsVersion = 12.4;
						TestTargetID = 85B351E525E5DA5F00D760FB;
					};
				};
			};
			buildConfigurationList = 85B351E125E5DA5F00D760FB /* Build configuration list for PBXProject "MovieFinder" */;
			compatibilityVersion = "Xcode 9.3";
			developmentRegion = en;
			hasScannedForEncodings = 0;
			knownRegions = (
				en,
				Base,
			);
			mainGroup = 85B351DD25E5DA5F00D760FB;
			packageReferences = (
			);
			productRefGroup = 85B351E725E5DA5F00D760FB /* Products */;
			projectDirPath = "";
			projectRoot = "";
			targets = (
				85B351E525E5DA5F00D760FB /* MovieFinder */,
				85B351FB25E5DA6000D760FB /* MovieFinderTests */,
				85B3520625E5DA6000D760FB /* MovieFinderUITests */,
			);
		};
/* End PBXProject section */

/* Begin PBXResourcesBuildPhase section */
		85B351E425E5DA5F00D760FB /* Resources */ = {
			isa = PBXResourcesBuildPhase;
			buildActionMask = 2147483647;
			files = (
				85B351F625E5DA5F00D760FB /* LaunchScreen.storyboard in Resources */,
				85B351F325E5DA5F00D760FB /* Assets.xcassets in Resources */,
				85B351F125E5DA5F00D760FB /* Main.storyboard in Resources */,
			);
			runOnlyForDeploymentPostprocessing = 0;
		};
		85B351FA25E5DA6000D760FB /* Resources */ = {
			isa = PBXResourcesBuildPhase;
			buildActionMask = 2147483647;
			files = (
			);
			runOnlyForDeploymentPostprocessing = 0;
		};
		85B3520525E5DA6000D760FB /* Resources */ = {
			isa = PBXResourcesBuildPhase;
			buildActionMask = 2147483647;
			files = (
			);
			runOnlyForDeploymentPostprocessing = 0;
		};
/* End PBXResourcesBuildPhase section */

/* Begin PBXShellScriptBuildPhase section */
		1C4C4F7DBA9F75C9A670EC40 /* [CP] Check Pods Manifest.lock */ = {
			isa = PBXShellScriptBuildPhase;
			buildActionMask = 2147483647;
			files = (
			);
			inputFileListPaths = (
			);
			inputPaths = (
				"${PODS_PODFILE_DIR_PATH}/Podfile.lock",
				"${PODS_ROOT}/Manifest.lock",
			);
			name = "[CP] Check Pods Manifest.lock";
			outputFileListPaths = (
			);
			outputPaths = (
				"$(DERIVED_FILE_DIR)/Pods-MovieFinder-checkManifestLockResult.txt",
			);
			runOnlyForDeploymentPostprocessing = 0;
			shellPath = /bin/sh;
			shellScript = "diff \"${PODS_PODFILE_DIR_PATH}/Podfile.lock\" \"${PODS_ROOT}/Manifest.lock\" > /dev/null\nif [ $? != 0 ] ; then\n    # print error to STDERR\n    echo \"error: The sandbox is not in sync with the Podfile.lock. Run 'pod install' or update your CocoaPods installation.\" >&2\n    exit 1\nfi\n# This output is used by Xcode 'outputs' to avoid re-running this script phase.\necho \"SUCCESS\" > \"${SCRIPT_OUTPUT_FILE_0}\"\n";
			showEnvVarsInLog = 0;
		};
		8D3D85FBF07B47F4DDB2F8FF /* [CP] Embed Pods Frameworks */ = {
			isa = PBXShellScriptBuildPhase;
			buildActionMask = 2147483647;
			files = (
			);
			inputFileListPaths = (
				"${PODS_ROOT}/Target Support Files/Pods-MovieFinder-MovieFinderUITests/Pods-MovieFinder-MovieFinderUITests-frameworks-${CONFIGURATION}-input-files.xcfilelist",
			);
			name = "[CP] Embed Pods Frameworks";
			outputFileListPaths = (
				"${PODS_ROOT}/Target Support Files/Pods-MovieFinder-MovieFinderUITests/Pods-MovieFinder-MovieFinderUITests-frameworks-${CONFIGURATION}-output-files.xcfilelist",
			);
			runOnlyForDeploymentPostprocessing = 0;
			shellPath = /bin/sh;
			shellScript = "\"${PODS_ROOT}/Target Support Files/Pods-MovieFinder-MovieFinderUITests/Pods-MovieFinder-MovieFinderUITests-frameworks.sh\"\n";
			showEnvVarsInLog = 0;
		};
		E6C477FE90BC7AA720670D17 /* [CP] Embed Pods Frameworks */ = {
			isa = PBXShellScriptBuildPhase;
			buildActionMask = 2147483647;
			files = (
			);
			inputFileListPaths = (
				"${PODS_ROOT}/Target Support Files/Pods-MovieFinder/Pods-MovieFinder-frameworks-${CONFIGURATION}-input-files.xcfilelist",
			);
			name = "[CP] Embed Pods Frameworks";
			outputFileListPaths = (
				"${PODS_ROOT}/Target Support Files/Pods-MovieFinder/Pods-MovieFinder-frameworks-${CONFIGURATION}-output-files.xcfilelist",
			);
			runOnlyForDeploymentPostprocessing = 0;
			shellPath = /bin/sh;
			shellScript = "\"${PODS_ROOT}/Target Support Files/Pods-MovieFinder/Pods-MovieFinder-frameworks.sh\"\n";
			showEnvVarsInLog = 0;
		};
		EE5D5A2336F6CAF28835759F /* [CP] Embed Pods Frameworks */ = {
			isa = PBXShellScriptBuildPhase;
			buildActionMask = 2147483647;
			files = (
			);
			inputFileListPaths = (
				"${PODS_ROOT}/Target Support Files/Pods-MovieFinderTests/Pods-MovieFinderTests-frameworks-${CONFIGURATION}-input-files.xcfilelist",
			);
			name = "[CP] Embed Pods Frameworks";
			outputFileListPaths = (
				"${PODS_ROOT}/Target Support Files/Pods-MovieFinderTests/Pods-MovieFinderTests-frameworks-${CONFIGURATION}-output-files.xcfilelist",
			);
			runOnlyForDeploymentPostprocessing = 0;
			shellPath = /bin/sh;
			shellScript = "\"${PODS_ROOT}/Target Support Files/Pods-MovieFinderTests/Pods-MovieFinderTests-frameworks.sh\"\n";
			showEnvVarsInLog = 0;
		};
		EFA0B20A7119DEE60288CE10 /* [CP] Check Pods Manifest.lock */ = {
			isa = PBXShellScriptBuildPhase;
			buildActionMask = 2147483647;
			files = (
			);
			inputFileListPaths = (
			);
			inputPaths = (
				"${PODS_PODFILE_DIR_PATH}/Podfile.lock",
				"${PODS_ROOT}/Manifest.lock",
			);
			name = "[CP] Check Pods Manifest.lock";
			outputFileListPaths = (
			);
			outputPaths = (
				"$(DERIVED_FILE_DIR)/Pods-MovieFinderTests-checkManifestLockResult.txt",
			);
			runOnlyForDeploymentPostprocessing = 0;
			shellPath = /bin/sh;
			shellScript = "diff \"${PODS_PODFILE_DIR_PATH}/Podfile.lock\" \"${PODS_ROOT}/Manifest.lock\" > /dev/null\nif [ $? != 0 ] ; then\n    # print error to STDERR\n    echo \"error: The sandbox is not in sync with the Podfile.lock. Run 'pod install' or update your CocoaPods installation.\" >&2\n    exit 1\nfi\n# This output is used by Xcode 'outputs' to avoid re-running this script phase.\necho \"SUCCESS\" > \"${SCRIPT_OUTPUT_FILE_0}\"\n";
			showEnvVarsInLog = 0;
		};
		F2A0F60D864226CDCA472285 /* [CP] Check Pods Manifest.lock */ = {
			isa = PBXShellScriptBuildPhase;
			buildActionMask = 2147483647;
			files = (
			);
			inputFileListPaths = (
			);
			inputPaths = (
				"${PODS_PODFILE_DIR_PATH}/Podfile.lock",
				"${PODS_ROOT}/Manifest.lock",
			);
			name = "[CP] Check Pods Manifest.lock";
			outputFileListPaths = (
			);
			outputPaths = (
				"$(DERIVED_FILE_DIR)/Pods-MovieFinder-MovieFinderUITests-checkManifestLockResult.txt",
			);
			runOnlyForDeploymentPostprocessing = 0;
			shellPath = /bin/sh;
			shellScript = "diff \"${PODS_PODFILE_DIR_PATH}/Podfile.lock\" \"${PODS_ROOT}/Manifest.lock\" > /dev/null\nif [ $? != 0 ] ; then\n    # print error to STDERR\n    echo \"error: The sandbox is not in sync with the Podfile.lock. Run 'pod install' or update your CocoaPods installation.\" >&2\n    exit 1\nfi\n# This output is used by Xcode 'outputs' to avoid re-running this script phase.\necho \"SUCCESS\" > \"${SCRIPT_OUTPUT_FILE_0}\"\n";
			showEnvVarsInLog = 0;
		};
/* End PBXShellScriptBuildPhase section */

/* Begin PBXSourcesBuildPhase section */
		85B351E225E5DA5F00D760FB /* Sources */ = {
			isa = PBXSourcesBuildPhase;
			buildActionMask = 2147483647;
			files = (
				85B351EE25E5DA5F00D760FB /* MovieSearchViewController.swift in Sources */,
				85B3525C25E5E03800D760FB /* MovieSearchViewModel.swift in Sources */,
				85B3524425E5DD1000D760FB /* MovieFetchable.swift in Sources */,
				85B3524E25E5DD5A00D760FB /* MovieRequestService.swift in Sources */,
				85B3528B25E6EEDF00D760FB /* Result+Extensions.swift in Sources */,
				85B3527825E6892E00D760FB /* MockMovieRequestService.swift in Sources */,
				85B351EA25E5DA5F00D760FB /* AppDelegate.swift in Sources */,
				85B351EC25E5DA5F00D760FB /* SceneDelegate.swift in Sources */,
				85B3524925E5DD2B00D760FB /* Movie.swift in Sources */,
				85B3527025E6840B00D760FB /* ViewModeling.swift in Sources */,
			);
			runOnlyForDeploymentPostprocessing = 0;
		};
		85B351F825E5DA6000D760FB /* Sources */ = {
			isa = PBXSourcesBuildPhase;
			buildActionMask = 2147483647;
			files = (
				85B3520125E5DA6000D760FB /* MovieSearchViewModelTests.swift in Sources */,
			);
			runOnlyForDeploymentPostprocessing = 0;
		};
		85B3520325E5DA6000D760FB /* Sources */ = {
			isa = PBXSourcesBuildPhase;
			buildActionMask = 2147483647;
			files = (
				85B3520C25E5DA6000D760FB /* MovieFinderUITests.swift in Sources */,
			);
			runOnlyForDeploymentPostprocessing = 0;
		};
/* End PBXSourcesBuildPhase section */

/* Begin PBXTargetDependency section */
		85B351FE25E5DA6000D760FB /* PBXTargetDependency */ = {
			isa = PBXTargetDependency;
			target = 85B351E525E5DA5F00D760FB /* MovieFinder */;
			targetProxy = 85B351FD25E5DA6000D760FB /* PBXContainerItemProxy */;
		};
		85B3520925E5DA6000D760FB /* PBXTargetDependency */ = {
			isa = PBXTargetDependency;
			target = 85B351E525E5DA5F00D760FB /* MovieFinder */;
			targetProxy = 85B3520825E5DA6000D760FB /* PBXContainerItemProxy */;
		};
/* End PBXTargetDependency section */

/* Begin PBXVariantGroup section */
		85B351EF25E5DA5F00D760FB /* Main.storyboard */ = {
			isa = PBXVariantGroup;
			children = (
				85B351F025E5DA5F00D760FB /* Base */,
			);
			name = Main.storyboard;
			sourceTree = "<group>";
		};
		85B351F425E5DA5F00D760FB /* LaunchScreen.storyboard */ = {
			isa = PBXVariantGroup;
			children = (
				85B351F525E5DA5F00D760FB /* Base */,
			);
			name = LaunchScreen.storyboard;
			sourceTree = "<group>";
		};
/* End PBXVariantGroup section */

/* Begin XCBuildConfiguration section */
		85B3520E25E5DA6000D760FB /* Debug */ = {
			isa = XCBuildConfiguration;
			buildSettings = {
				ALWAYS_SEARCH_USER_PATHS = NO;
				CLANG_ANALYZER_NONNULL = YES;
				CLANG_ANALYZER_NUMBER_OBJECT_CONVERSION = YES_AGGRESSIVE;
				CLANG_CXX_LANGUAGE_STANDARD = "gnu++14";
				CLANG_CXX_LIBRARY = "libc++";
				CLANG_ENABLE_MODULES = YES;
				CLANG_ENABLE_OBJC_ARC = YES;
				CLANG_ENABLE_OBJC_WEAK = YES;
				CLANG_WARN_BLOCK_CAPTURE_AUTORELEASING = YES;
				CLANG_WARN_BOOL_CONVERSION = YES;
				CLANG_WARN_COMMA = YES;
				CLANG_WARN_CONSTANT_CONVERSION = YES;
				CLANG_WARN_DEPRECATED_OBJC_IMPLEMENTATIONS = YES;
				CLANG_WARN_DIRECT_OBJC_ISA_USAGE = YES_ERROR;
				CLANG_WARN_DOCUMENTATION_COMMENTS = YES;
				CLANG_WARN_EMPTY_BODY = YES;
				CLANG_WARN_ENUM_CONVERSION = YES;
				CLANG_WARN_INFINITE_RECURSION = YES;
				CLANG_WARN_INT_CONVERSION = YES;
				CLANG_WARN_NON_LITERAL_NULL_CONVERSION = YES;
				CLANG_WARN_OBJC_IMPLICIT_RETAIN_SELF = YES;
				CLANG_WARN_OBJC_LITERAL_CONVERSION = YES;
				CLANG_WARN_OBJC_ROOT_CLASS = YES_ERROR;
				CLANG_WARN_QUOTED_INCLUDE_IN_FRAMEWORK_HEADER = YES;
				CLANG_WARN_RANGE_LOOP_ANALYSIS = YES;
				CLANG_WARN_STRICT_PROTOTYPES = YES;
				CLANG_WARN_SUSPICIOUS_MOVE = YES;
				CLANG_WARN_UNGUARDED_AVAILABILITY = YES_AGGRESSIVE;
				CLANG_WARN_UNREACHABLE_CODE = YES;
				CLANG_WARN__DUPLICATE_METHOD_MATCH = YES;
				COPY_PHASE_STRIP = NO;
				DEBUG_INFORMATION_FORMAT = dwarf;
				ENABLE_STRICT_OBJC_MSGSEND = YES;
				ENABLE_TESTABILITY = YES;
				GCC_C_LANGUAGE_STANDARD = gnu11;
				GCC_DYNAMIC_NO_PIC = NO;
				GCC_NO_COMMON_BLOCKS = YES;
				GCC_OPTIMIZATION_LEVEL = 0;
				GCC_PREPROCESSOR_DEFINITIONS = (
					"DEBUG=1",
					"$(inherited)",
				);
				GCC_WARN_64_TO_32_BIT_CONVERSION = YES;
				GCC_WARN_ABOUT_RETURN_TYPE = YES_ERROR;
				GCC_WARN_UNDECLARED_SELECTOR = YES;
				GCC_WARN_UNINITIALIZED_AUTOS = YES_AGGRESSIVE;
				GCC_WARN_UNUSED_FUNCTION = YES;
				GCC_WARN_UNUSED_VARIABLE = YES;
				IPHONEOS_DEPLOYMENT_TARGET = 14.4;
				MTL_ENABLE_DEBUG_INFO = INCLUDE_SOURCE;
				MTL_FAST_MATH = YES;
				ONLY_ACTIVE_ARCH = YES;
				SDKROOT = iphoneos;
				SWIFT_ACTIVE_COMPILATION_CONDITIONS = DEBUG;
				SWIFT_OPTIMIZATION_LEVEL = "-Onone";
			};
			name = Debug;
		};
		85B3520F25E5DA6000D760FB /* Release */ = {
			isa = XCBuildConfiguration;
			buildSettings = {
				ALWAYS_SEARCH_USER_PATHS = NO;
				CLANG_ANALYZER_NONNULL = YES;
				CLANG_ANALYZER_NUMBER_OBJECT_CONVERSION = YES_AGGRESSIVE;
				CLANG_CXX_LANGUAGE_STANDARD = "gnu++14";
				CLANG_CXX_LIBRARY = "libc++";
				CLANG_ENABLE_MODULES = YES;
				CLANG_ENABLE_OBJC_ARC = YES;
				CLANG_ENABLE_OBJC_WEAK = YES;
				CLANG_WARN_BLOCK_CAPTURE_AUTORELEASING = YES;
				CLANG_WARN_BOOL_CONVERSION = YES;
				CLANG_WARN_COMMA = YES;
				CLANG_WARN_CONSTANT_CONVERSION = YES;
				CLANG_WARN_DEPRECATED_OBJC_IMPLEMENTATIONS = YES;
				CLANG_WARN_DIRECT_OBJC_ISA_USAGE = YES_ERROR;
				CLANG_WARN_DOCUMENTATION_COMMENTS = YES;
				CLANG_WARN_EMPTY_BODY = YES;
				CLANG_WARN_ENUM_CONVERSION = YES;
				CLANG_WARN_INFINITE_RECURSION = YES;
				CLANG_WARN_INT_CONVERSION = YES;
				CLANG_WARN_NON_LITERAL_NULL_CONVERSION = YES;
				CLANG_WARN_OBJC_IMPLICIT_RETAIN_SELF = YES;
				CLANG_WARN_OBJC_LITERAL_CONVERSION = YES;
				CLANG_WARN_OBJC_ROOT_CLASS = YES_ERROR;
				CLANG_WARN_QUOTED_INCLUDE_IN_FRAMEWORK_HEADER = YES;
				CLANG_WARN_RANGE_LOOP_ANALYSIS = YES;
				CLANG_WARN_STRICT_PROTOTYPES = YES;
				CLANG_WARN_SUSPICIOUS_MOVE = YES;
				CLANG_WARN_UNGUARDED_AVAILABILITY = YES_AGGRESSIVE;
				CLANG_WARN_UNREACHABLE_CODE = YES;
				CLANG_WARN__DUPLICATE_METHOD_MATCH = YES;
				COPY_PHASE_STRIP = NO;
				DEBUG_INFORMATION_FORMAT = "dwarf-with-dsym";
				ENABLE_NS_ASSERTIONS = NO;
				ENABLE_STRICT_OBJC_MSGSEND = YES;
				GCC_C_LANGUAGE_STANDARD = gnu11;
				GCC_NO_COMMON_BLOCKS = YES;
				GCC_WARN_64_TO_32_BIT_CONVERSION = YES;
				GCC_WARN_ABOUT_RETURN_TYPE = YES_ERROR;
				GCC_WARN_UNDECLARED_SELECTOR = YES;
				GCC_WARN_UNINITIALIZED_AUTOS = YES_AGGRESSIVE;
				GCC_WARN_UNUSED_FUNCTION = YES;
				GCC_WARN_UNUSED_VARIABLE = YES;
				IPHONEOS_DEPLOYMENT_TARGET = 14.4;
				MTL_ENABLE_DEBUG_INFO = NO;
				MTL_FAST_MATH = YES;
				SDKROOT = iphoneos;
				SWIFT_COMPILATION_MODE = wholemodule;
				SWIFT_OPTIMIZATION_LEVEL = "-O";
				VALIDATE_PRODUCT = YES;
			};
			name = Release;
		};
		85B3521125E5DA6000D760FB /* Debug */ = {
			isa = XCBuildConfiguration;
			baseConfigurationReference = F51F549D8DEF78F19E9CF025 /* Pods-MovieFinder.debug.xcconfig */;
			buildSettings = {
				ASSETCATALOG_COMPILER_APPICON_NAME = AppIcon;
				ASSETCATALOG_COMPILER_GLOBAL_ACCENT_COLOR_NAME = AccentColor;
				CODE_SIGN_STYLE = Automatic;
				DEVELOPMENT_TEAM = S2W97NUM9L;
				INFOPLIST_FILE = MovieFinder/Info.plist;
				LD_RUNPATH_SEARCH_PATHS = (
					"$(inherited)",
					"@executable_path/Frameworks",
				);
				PRODUCT_BUNDLE_IDENTIFIER = dev.leoespinal.MovieFinder;
				PRODUCT_NAME = "$(TARGET_NAME)";
				SWIFT_VERSION = 5.0;
				TARGETED_DEVICE_FAMILY = "1,2";
			};
			name = Debug;
		};
		85B3521225E5DA6000D760FB /* Release */ = {
			isa = XCBuildConfiguration;
			baseConfigurationReference = BB2BB45B4E93DBDD3E0929B1 /* Pods-MovieFinder.release.xcconfig */;
			buildSettings = {
				ASSETCATALOG_COMPILER_APPICON_NAME = AppIcon;
				ASSETCATALOG_COMPILER_GLOBAL_ACCENT_COLOR_NAME = AccentColor;
				CODE_SIGN_STYLE = Automatic;
				DEVELOPMENT_TEAM = S2W97NUM9L;
				INFOPLIST_FILE = MovieFinder/Info.plist;
				LD_RUNPATH_SEARCH_PATHS = (
					"$(inherited)",
					"@executable_path/Frameworks",
				);
				PRODUCT_BUNDLE_IDENTIFIER = dev.leoespinal.MovieFinder;
				PRODUCT_NAME = "$(TARGET_NAME)";
				SWIFT_VERSION = 5.0;
				TARGETED_DEVICE_FAMILY = "1,2";
			};
			name = Release;
		};
		85B3521425E5DA6000D760FB /* Debug */ = {
			isa = XCBuildConfiguration;
			baseConfigurationReference = 6624403BCA732617271844F0 /* Pods-MovieFinderTests.debug.xcconfig */;
			buildSettings = {
				ALWAYS_EMBED_SWIFT_STANDARD_LIBRARIES = YES;
				BUNDLE_LOADER = "$(TEST_HOST)";
				CODE_SIGN_STYLE = Automatic;
				DEVELOPMENT_TEAM = S2W97NUM9L;
				INFOPLIST_FILE = MovieFinderTests/Info.plist;
				IPHONEOS_DEPLOYMENT_TARGET = 14.4;
				LD_RUNPATH_SEARCH_PATHS = (
					"$(inherited)",
					"@executable_path/Frameworks",
					"@loader_path/Frameworks",
				);
				PRODUCT_BUNDLE_IDENTIFIER = dev.leoespinal.MovieFinderTests;
				PRODUCT_NAME = "$(TARGET_NAME)";
				SWIFT_VERSION = 5.0;
				TARGETED_DEVICE_FAMILY = "1,2";
				TEST_HOST = "$(BUILT_PRODUCTS_DIR)/MovieFinder.app/MovieFinder";
			};
			name = Debug;
		};
		85B3521525E5DA6000D760FB /* Release */ = {
			isa = XCBuildConfiguration;
			baseConfigurationReference = C4AE10B71186141EA48F7F66 /* Pods-MovieFinderTests.release.xcconfig */;
			buildSettings = {
				ALWAYS_EMBED_SWIFT_STANDARD_LIBRARIES = YES;
				BUNDLE_LOADER = "$(TEST_HOST)";
				CODE_SIGN_STYLE = Automatic;
				DEVELOPMENT_TEAM = S2W97NUM9L;
				INFOPLIST_FILE = MovieFinderTests/Info.plist;
				IPHONEOS_DEPLOYMENT_TARGET = 14.4;
				LD_RUNPATH_SEARCH_PATHS = (
					"$(inherited)",
					"@executable_path/Frameworks",
					"@loader_path/Frameworks",
				);
				PRODUCT_BUNDLE_IDENTIFIER = dev.leoespinal.MovieFinderTests;
				PRODUCT_NAME = "$(TARGET_NAME)";
				SWIFT_VERSION = 5.0;
				TARGETED_DEVICE_FAMILY = "1,2";
				TEST_HOST = "$(BUILT_PRODUCTS_DIR)/MovieFinder.app/MovieFinder";
			};
			name = Release;
		};
		85B3521725E5DA6000D760FB /* Debug */ = {
			isa = XCBuildConfiguration;
			baseConfigurationReference = C6D24445A2E78E814A18F2E2 /* Pods-MovieFinder-MovieFinderUITests.debug.xcconfig */;
			buildSettings = {
				ALWAYS_EMBED_SWIFT_STANDARD_LIBRARIES = YES;
				CODE_SIGN_STYLE = Automatic;
				DEVELOPMENT_TEAM = S2W97NUM9L;
				INFOPLIST_FILE = MovieFinderUITests/Info.plist;
				LD_RUNPATH_SEARCH_PATHS = (
					"$(inherited)",
					"@executable_path/Frameworks",
					"@loader_path/Frameworks",
				);
				PRODUCT_BUNDLE_IDENTIFIER = dev.leoespinal.MovieFinderUITests;
				PRODUCT_NAME = "$(TARGET_NAME)";
				SWIFT_VERSION = 5.0;
				TARGETED_DEVICE_FAMILY = "1,2";
				TEST_TARGET_NAME = MovieFinder;
			};
			name = Debug;
		};
		85B3521825E5DA6000D760FB /* Release */ = {
			isa = XCBuildConfiguration;
			baseConfigurationReference = B879E03AA4CA821F2EDB7CCB /* Pods-MovieFinder-MovieFinderUITests.release.xcconfig */;
			buildSettings = {
				ALWAYS_EMBED_SWIFT_STANDARD_LIBRARIES = YES;
				CODE_SIGN_STYLE = Automatic;
				DEVELOPMENT_TEAM = S2W97NUM9L;
				INFOPLIST_FILE = MovieFinderUITests/Info.plist;
				LD_RUNPATH_SEARCH_PATHS = (
					"$(inherited)",
					"@executable_path/Frameworks",
					"@loader_path/Frameworks",
				);
				PRODUCT_BUNDLE_IDENTIFIER = dev.leoespinal.MovieFinderUITests;
				PRODUCT_NAME = "$(TARGET_NAME)";
				SWIFT_VERSION = 5.0;
				TARGETED_DEVICE_FAMILY = "1,2";
				TEST_TARGET_NAME = MovieFinder;
			};
			name = Release;
		};
/* End XCBuildConfiguration section */

/* Begin XCConfigurationList section */
		85B351E125E5DA5F00D760FB /* Build configuration list for PBXProject "MovieFinder" */ = {
			isa = XCConfigurationList;
			buildConfigurations = (
				85B3520E25E5DA6000D760FB /* Debug */,
				85B3520F25E5DA6000D760FB /* Release */,
			);
			defaultConfigurationIsVisible = 0;
			defaultConfigurationName = Release;
		};
		85B3521025E5DA6000D760FB /* Build configuration list for PBXNativeTarget "MovieFinder" */ = {
			isa = XCConfigurationList;
			buildConfigurations = (
				85B3521125E5DA6000D760FB /* Debug */,
				85B3521225E5DA6000D760FB /* Release */,
			);
			defaultConfigurationIsVisible = 0;
			defaultConfigurationName = Release;
		};
		85B3521325E5DA6000D760FB /* Build configuration list for PBXNativeTarget "MovieFinderTests" */ = {
			isa = XCConfigurationList;
			buildConfigurations = (
				85B3521425E5DA6000D760FB /* Debug */,
				85B3521525E5DA6000D760FB /* Release */,
			);
			defaultConfigurationIsVisible = 0;
			defaultConfigurationName = Release;
		};
		85B3521625E5DA6000D760FB /* Build configuration list for PBXNativeTarget "MovieFinderUITests" */ = {
			isa = XCConfigurationList;
			buildConfigurations = (
				85B3521725E5DA6000D760FB /* Debug */,
				85B3521825E5DA6000D760FB /* Release */,
			);
			defaultConfigurationIsVisible = 0;
			defaultConfigurationName = Release;
		};
/* End XCConfigurationList section */
	};
	rootObject = 85B351DE25E5DA5F00D760FB /* Project object */;
}
